
Microsoft Visual Studio Solution File, Format Version 12.00
# Visual Studio Version 17
VisualStudioVersion = 17.2.32616.157
MinimumVisualStudioVersion = 10.0.40219.1
Project("{FAE04EC0-301F-11D3-BF4B-00C04F79EFBC}") = "WindowsApplication1", "WindowsApplication1\WindowsApplication1.csproj", "{04E82D0A-6AF3-411A-93E3-F2566368B91B}"
EndProject
Global
	GlobalSection(SolutionConfigurationPlatforms) = preSolution
		Debug|Any CPU = Debug|Any CPU
		Release|Any CPU = Release|Any CPU
	EndGlobalSection
	GlobalSection(ProjectConfigurationPlatforms) = postSolution
		{04E82D0A-6AF3-411A-93E3-F2566368B91B}.Debug|Any CPU.ActiveCfg = Debug|Any CPU
		{04E82D0A-6AF3-411A-93E3-F2566368B91B}.Debug|Any CPU.Build.0 = Debug|Any CPU
		{04E82D0A-6AF3-411A-93E3-F2566368B91B}.Release|Any CPU.ActiveCfg = Release|Any CPU
		{04E82D0A-6AF3-411A-93E3-F2566368B91B}.Release|Any CPU.Build.0 = Release|Any CPU
	EndGlobalSection
	GlobalSection(SolutionProperties) = preSolution
		HideSolutionNode = FALSE
	EndGlobalSection
	GlobalSection(ExtensibilityGlobals) = postSolution
		SolutionGuid = {59A4ED06-2869-4C86-B1E5-D6ECF599AFD7}
	EndGlobalSection
EndGlobal
